
Microsoft Visual Studio Solution File, Format Version 12.00
# Visual Studio Version 17
VisualStudioVersion = 17.11.35303.130
MinimumVisualStudioVersion = 10.0.40219.1
Project("{9A19103F-16F7-4668-BE54-9A1E7A4F7556}") = "FameFindsDAL", "FameFindsDAL\FameFindsDAL.csproj", "{D4237B96-9556-4AF6-82B5-08430B9CBADF}"
EndProject
Project("{FAE04EC0-301F-11D3-BF4B-00C04F79EFBC}") = "FameFindsWebServices", "FameFindsWebServices\FameFindsWebServices.csproj", "{6DA53410-4951-4539-89C3-2358288C7E6A}"
EndProject
Global
	GlobalSection(SolutionConfigurationPlatforms) = preSolution
		Debug|Any CPU = Debug|Any CPU
		Release|Any CPU = Release|Any CPU
	EndGlobalSection
	GlobalSection(ProjectConfigurationPlatforms) = postSolution
		{D4237B96-9556-4AF6-82B5-08430B9CBADF}.Debug|Any CPU.ActiveCfg = Debug|Any CPU
		{D4237B96-9556-4AF6-82B5-08430B9CBADF}.Debug|Any CPU.Build.0 = Debug|Any CPU
		{D4237B96-9556-4AF6-82B5-08430B9CBADF}.Release|Any CPU.ActiveCfg = Release|Any CPU
		{D4237B96-9556-4AF6-82B5-08430B9CBADF}.Release|Any CPU.Build.0 = Release|Any CPU
		{6DA53410-4951-4539-89C3-2358288C7E6A}.Debug|Any CPU.ActiveCfg = Debug|Any CPU
		{6DA53410-4951-4539-89C3-2358288C7E6A}.Debug|Any CPU.Build.0 = Debug|Any CPU
		{6DA53410-4951-4539-89C3-2358288C7E6A}.Release|Any CPU.ActiveCfg = Release|Any CPU
		{6DA53410-4951-4539-89C3-2358288C7E6A}.Release|Any CPU.Build.0 = Release|Any CPU
	EndGlobalSection
	GlobalSection(SolutionProperties) = preSolution
		HideSolutionNode = FALSE
	EndGlobalSection
	GlobalSection(ExtensibilityGlobals) = postSolution
		SolutionGuid = {4BBCE9B7-8906-4722-B0B6-4486A54A3ECD}
	EndGlobalSection
EndGlobal
